
Microsoft Visual Studio Solution File, Format Version 12.00
# Visual Studio Version 16
VisualStudioVersion = 16.0.31729.503
MinimumVisualStudioVersion = 10.0.40219.1
Project("{FAE04EC0-301F-11D3-BF4B-00C04F79EFBC}") = "Emulator(ex-0)", "Emulator(ex-0)\Emulator(ex-0).csproj", "{47577444-4AD2-414D-B476-035640513372}"
EndProject
Project("{FAE04EC0-301F-11D3-BF4B-00C04F79EFBC}") = "xLibWpf", "..\SDK\xLibWpf\xLibWpf.csproj", "{DEBE0863-3E66-4124-8E1A-0CB434227A5B}"
EndProject
Global
	GlobalSection(SolutionConfigurationPlatforms) = preSolution
		Debug|Any CPU = Debug|Any CPU
		Release|Any CPU = Release|Any CPU
	EndGlobalSection
	GlobalSection(ProjectConfigurationPlatforms) = postSolution
		{47577444-4AD2-414D-B476-035640513372}.Debug|Any CPU.ActiveCfg = Debug|Any CPU
		{47577444-4AD2-414D-B476-035640513372}.Debug|Any CPU.Build.0 = Debug|Any CPU
		{47577444-4AD2-414D-B476-035640513372}.Release|Any CPU.ActiveCfg = Release|Any CPU
		{47577444-4AD2-414D-B476-035640513372}.Release|Any CPU.Build.0 = Release|Any CPU
		{DEBE0863-3E66-4124-8E1A-0CB434227A5B}.Debug|Any CPU.ActiveCfg = Debug|Any CPU
		{DEBE0863-3E66-4124-8E1A-0CB434227A5B}.Debug|Any CPU.Build.0 = Debug|Any CPU
		{DEBE0863-3E66-4124-8E1A-0CB434227A5B}.Release|Any CPU.ActiveCfg = Release|Any CPU
		{DEBE0863-3E66-4124-8E1A-0CB434227A5B}.Release|Any CPU.Build.0 = Release|Any CPU
	EndGlobalSection
	GlobalSection(SolutionProperties) = preSolution
		HideSolutionNode = FALSE
	EndGlobalSection
	GlobalSection(ExtensibilityGlobals) = postSolution
		SolutionGuid = {363F19B7-B9BB-424D-A38A-14A46887F114}
	EndGlobalSection
EndGlobal
